
Microsoft Visual Studio Solution File, Format Version 12.00
# Visual Studio Version 17
VisualStudioVersion = 17.2.32616.157
MinimumVisualStudioVersion = 10.0.40219.1
Project("{888888A0-9F3D-457C-B088-3A5042F75D52}") = "Introduction", "Introduction\Introduction.pyproj", "{4979F473-AD56-453D-B16B-AC9C38C88FF3}"
EndProject
Global
	GlobalSection(SolutionConfigurationPlatforms) = preSolution
		Debug|Any CPU = Debug|Any CPU
		Release|Any CPU = Release|Any CPU
	EndGlobalSection
	GlobalSection(ProjectConfigurationPlatforms) = postSolution
		{4979F473-AD56-453D-B16B-AC9C38C88FF3}.Debug|Any CPU.ActiveCfg = Debug|Any CPU
		{4979F473-AD56-453D-B16B-AC9C38C88FF3}.Release|Any CPU.ActiveCfg = Release|Any CPU
	EndGlobalSection
	GlobalSection(SolutionProperties) = preSolution
		HideSolutionNode = FALSE
	EndGlobalSection
	GlobalSection(ExtensibilityGlobals) = postSolution
		SolutionGuid = {F21191A8-14FE-414A-8E60-DE27DAE804D9}
	EndGlobalSection
EndGlobal
